
Microsoft Visual Studio Solution File, Format Version 12.00
# Visual Studio Version 17
VisualStudioVersion = 17.3.32819.101
MinimumVisualStudioVersion = 10.0.40219.1
Project("{FAE04EC0-301F-11D3-BF4B-00C04F79EFBC}") = "WidmerFractionMath", "WidmerFractionMath.csproj", "{D4857939-835C-489D-8092-15E7D09694F6}"
EndProject
Global
	GlobalSection(SolutionConfigurationPlatforms) = preSolution
		Debug|Any CPU = Debug|Any CPU
		Release|Any CPU = Release|Any CPU
	EndGlobalSection
	GlobalSection(ProjectConfigurationPlatforms) = postSolution
		{D4857939-835C-489D-8092-15E7D09694F6}.Debug|Any CPU.ActiveCfg = Debug|Any CPU
		{D4857939-835C-489D-8092-15E7D09694F6}.Debug|Any CPU.Build.0 = Debug|Any CPU
		{D4857939-835C-489D-8092-15E7D09694F6}.Release|Any CPU.ActiveCfg = Release|Any CPU
		{D4857939-835C-489D-8092-15E7D09694F6}.Release|Any CPU.Build.0 = Release|Any CPU
	EndGlobalSection
	GlobalSection(SolutionProperties) = preSolution
		HideSolutionNode = FALSE
	EndGlobalSection
	GlobalSection(ExtensibilityGlobals) = postSolution
		SolutionGuid = {32E5167E-3689-4F7C-9D4D-747B0103EEA5}
	EndGlobalSection
EndGlobal
